
Microsoft Visual Studio Solution File, Format Version 12.00
# Visual Studio Version 17
VisualStudioVersion = 17.9.34607.119
MinimumVisualStudioVersion = 10.0.40219.1
Project("{FAE04EC0-301F-11D3-BF4B-00C04F79EFBC}") = "RayTracing", "RayTracing.csproj", "{69226AA0-5230-4032-AA05-EEE3AF7A1C4E}"
EndProject
Global
	GlobalSection(SolutionConfigurationPlatforms) = preSolution
		Debug|Any CPU = Debug|Any CPU
		Release|Any CPU = Release|Any CPU
	EndGlobalSection
	GlobalSection(ProjectConfigurationPlatforms) = postSolution
		{69226AA0-5230-4032-AA05-EEE3AF7A1C4E}.Debug|Any CPU.ActiveCfg = Debug|Any CPU
		{69226AA0-5230-4032-AA05-EEE3AF7A1C4E}.Debug|Any CPU.Build.0 = Debug|Any CPU
		{69226AA0-5230-4032-AA05-EEE3AF7A1C4E}.Release|Any CPU.ActiveCfg = Release|Any CPU
		{69226AA0-5230-4032-AA05-EEE3AF7A1C4E}.Release|Any CPU.Build.0 = Release|Any CPU
	EndGlobalSection
	GlobalSection(SolutionProperties) = preSolution
		HideSolutionNode = FALSE
	EndGlobalSection
	GlobalSection(ExtensibilityGlobals) = postSolution
		SolutionGuid = {30E5EA65-C791-41AA-9826-B517FB360488}
	EndGlobalSection
EndGlobal
